// !$*UTF8*$!
{
	archiveVersion = 1;
	classes = {
	};
	objectVersion = 56;
	objects = {

/* Begin PBXBuildFile section */
		C69B6BCC2A4175A8009F41B1 /* CollectionViewCellInAll.swift in Sources */ = {isa = PBXBuildFile; fileRef = C69B6BCB2A4175A8009F41B1 /* CollectionViewCellInAll.swift */; };
		C6B335F92A42CF170007F7A9 /* ViewControllerForHome.swift in Sources */ = {isa = PBXBuildFile; fileRef = C6B335F82A42CF170007F7A9 /* ViewControllerForHome.swift */; };
		C6D9E8D42A441A6C00BAC40F /* ViewController2.swift in Sources */ = {isa = PBXBuildFile; fileRef = C6D9E8D32A441A6C00BAC40F /* ViewController2.swift */; };
		C6E658BD2A40259F0059B498 /* AppDelegate.swift in Sources */ = {isa = PBXBuildFile; fileRef = C6E658BC2A40259F0059B498 /* AppDelegate.swift */; };
		C6E658BF2A40259F0059B498 /* SceneDelegate.swift in Sources */ = {isa = PBXBuildFile; fileRef = C6E658BE2A40259F0059B498 /* SceneDelegate.swift */; };
		C6E658C12A40259F0059B498 /* ViewController.swift in Sources */ = {isa = PBXBuildFile; fileRef = C6E658C02A40259F0059B498 /* ViewController.swift */; };
		C6E658C42A40259F0059B498 /* Main.storyboard in Resources */ = {isa = PBXBuildFile; fileRef = C6E658C22A40259F0059B498 /* Main.storyboard */; };
		C6E658C72A40259F0059B498 /* gameForVoicenew.xcdatamodeld in Sources */ = {isa = PBXBuildFile; fileRef = C6E658C52A40259F0059B498 /* gameForVoicenew.xcdatamodeld */; };
		C6E658C92A4025A10059B498 /* Assets.xcassets in Resources */ = {isa = PBXBuildFile; fileRef = C6E658C82A4025A10059B498 /* Assets.xcassets */; };
		C6E658CC2A4025A10059B498 /* LaunchScreen.storyboard in Resources */ = {isa = PBXBuildFile; fileRef = C6E658CA2A4025A10059B498 /* LaunchScreen.storyboard */; };
		C6E658D62A40368F0059B498 /* myCollectionViewCell.swift in Sources */ = {isa = PBXBuildFile; fileRef = C6E658D52A40368F0059B498 /* myCollectionViewCell.swift */; };
/* End PBXBuildFile section */

/* Begin PBXFileReference section */
		C69B6BCB2A4175A8009F41B1 /* CollectionViewCellInAll.swift */ = {isa = PBXFileReference; lastKnownFileType = sourcecode.swift; path = CollectionViewCellInAll.swift; sourceTree = "<group>"; };
		C6B335F82A42CF170007F7A9 /* ViewControllerForHome.swift */ = {isa = PBXFileReference; lastKnownFileType = sourcecode.swift; path = ViewControllerForHome.swift; sourceTree = "<group>"; };
		C6D9E8D32A441A6C00BAC40F /* ViewController2.swift */ = {isa = PBXFileReference; lastKnownFileType = sourcecode.swift; path = ViewController2.swift; sourceTree = "<group>"; };
		C6E658B92A40259F0059B498 /* gameForVoicenew.app */ = {isa = PBXFileReference; explicitFileType = wrapper.application; includeInIndex = 0; path = gameForVoicenew.app; sourceTree = BUILT_PRODUCTS_DIR; };
		C6E658BC2A40259F0059B498 /* AppDelegate.swift */ = {isa = PBXFileReference; lastKnownFileType = sourcecode.swift; path = AppDelegate.swift; sourceTree = "<group>"; };
		C6E658BE2A40259F0059B498 /* SceneDelegate.swift */ = {isa = PBXFileReference; lastKnownFileType = sourcecode.swift; path = SceneDelegate.swift; sourceTree = "<group>"; };
		C6E658C02A40259F0059B498 /* ViewController.swift */ = {isa = PBXFileReference; lastKnownFileType = sourcecode.swift; path = ViewController.swift; sourceTree = "<group>"; };
		C6E658C32A40259F0059B498 /* Base */ = {isa = PBXFileReference; lastKnownFileType = file.storyboard; name = Base; path = Base.lproj/Main.storyboard; sourceTree = "<group>"; };
		C6E658C62A40259F0059B498 /* gameForVoicenew.xcdatamodel */ = {isa = PBXFileReference; lastKnownFileType = wrapper.xcdatamodel; path = gameForVoicenew.xcdatamodel; sourceTree = "<group>"; };
		C6E658C82A4025A10059B498 /* Assets.xcassets */ = {isa = PBXFileReference; lastKnownFileType = folder.assetcatalog; path = Assets.xcassets; sourceTree = "<group>"; };
		C6E658CB2A4025A10059B498 /* Base */ = {isa = PBXFileReference; lastKnownFileType = file.storyboard; name = Base; path = Base.lproj/LaunchScreen.storyboard; sourceTree = "<group>"; };
		C6E658CD2A4025A10059B498 /* Info.plist */ = {isa = PBXFileReference; lastKnownFileType = text.plist.xml; path = Info.plist; sourceTree = "<group>"; };
		C6E658D52A40368F0059B498 /* myCollectionViewCell.swift */ = {isa = PBXFileReference; lastKnownFileType = sourcecode.swift; path = myCollectionViewCell.swift; sourceTree = "<group>"; };
/* End PBXFileReference section */

/* Begin PBXFrameworksBuildPhase section */
		C6E658B62A40259F0059B498 /* Frameworks */ = {
			isa = PBXFrameworksBuildPhase;
			buildActionMask = 2147483647;
			files = (
			);
			runOnlyForDeploymentPostprocessing = 0;
		};
/* End PBXFrameworksBuildPhase section */

/* Begin PBXGroup section */
		C6E658B02A40259F0059B498 = {
			isa = PBXGroup;
			children = (
				C6D9E8D32A441A6C00BAC40F /* ViewController2.swift */,
				C6B335F82A42CF170007F7A9 /* ViewControllerForHome.swift */,
				C69B6BCB2A4175A8009F41B1 /* CollectionViewCellInAll.swift */,
				C6E658D52A40368F0059B498 /* myCollectionViewCell.swift */,
				C6E658BB2A40259F0059B498 /* gameForVoicenew */,
				C6E658BA2A40259F0059B498 /* Products */,
			);
			sourceTree = "<group>";
		};
		C6E658BA2A40259F0059B498 /* Products */ = {
			isa = PBXGroup;
			children = (
				C6E658B92A40259F0059B498 /* gameForVoicenew.app */,
			);
			name = Products;
			sourceTree = "<group>";
		};
		C6E658BB2A40259F0059B498 /* gameForVoicenew */ = {
			isa = PBXGroup;
			children = (
				C6E658BC2A40259F0059B498 /* AppDelegate.swift */,
				C6E658BE2A40259F0059B498 /* SceneDelegate.swift */,
				C6E658C02A40259F0059B498 /* ViewController.swift */,
				C6E658C22A40259F0059B498 /* Main.storyboard */,
				C6E658C82A4025A10059B498 /* Assets.xcassets */,
				C6E658CA2A4025A10059B498 /* LaunchScreen.storyboard */,
				C6E658CD2A4025A10059B498 /* Info.plist */,
				C6E658C52A40259F0059B498 /* gameForVoicenew.xcdatamodeld */,
			);
			path = gameForVoicenew;
			sourceTree = "<group>";
		};
/* End PBXGroup section */

/* Begin PBXNativeTarget section */
		C6E658B82A40259F0059B498 /* gameForVoicenew */ = {
			isa = PBXNativeTarget;
			buildConfigurationList = C6E658D02A4025A10059B498 /* Build configuration list for PBXNativeTarget "gameForVoicenew" */;
			buildPhases = (
				C6E658B52A40259F0059B498 /* Sources */,
				C6E658B62A40259F0059B498 /* Frameworks */,
				C6E658B72A40259F0059B498 /* Resources */,
			);
			buildRules = (
			);
			dependencies = (
			);
			name = gameForVoicenew;
			productName = gameForVoicenew;
			productReference = C6E658B92A40259F0059B498 /* gameForVoicenew.app */;
			productType = "com.apple.product-type.application";
		};
/* End PBXNativeTarget section */

/* Begin PBXProject section */
		C6E658B12A40259F0059B498 /* Project object */ = {
			isa = PBXProject;
			attributes = {
				BuildIndependentTargetsInParallel = 1;
				LastSwiftUpdateCheck = 1430;
				LastUpgradeCheck = 1430;
				TargetAttributes = {
					C6E658B82A40259F0059B498 = {
						CreatedOnToolsVersion = 14.3.1;
					};
				};
			};
			buildConfigurationList = C6E658B42A40259F0059B498 /* Build configuration list for PBXProject "gameForVoicenew" */;
			compatibilityVersion = "Xcode 14.0";
			developmentRegion = en;
			hasScannedForEncodings = 0;
			knownRegions = (
				en,
				Base,
			);
			mainGroup = C6E658B02A40259F0059B498;
			productRefGroup = C6E658BA2A40259F0059B498 /* Products */;
			projectDirPath = "";
			projectRoot = "";
			targets = (
				C6E658B82A40259F0059B498 /* gameForVoicenew */,
			);
		};
/* End PBXProject section */

/* Begin PBXResourcesBuildPhase section */
		C6E658B72A40259F0059B498 /* Resources */ = {
			isa = PBXResourcesBuildPhase;
			buildActionMask = 2147483647;
			files = (
				C6E658CC2A4025A10059B498 /* LaunchScreen.storyboard in Resources */,
				C6E658C92A4025A10059B498 /* Assets.xcassets in Resources */,
				C6E658C42A40259F0059B498 /* Main.storyboard in Resources */,
			);
			runOnlyForDeploymentPostprocessing = 0;
		};
/* End PBXResourcesBuildPhase section */

/* Begin PBXSourcesBuildPhase section */
		C6E658B52A40259F0059B498 /* Sources */ = {
			isa = PBXSourcesBuildPhase;
			buildActionMask = 2147483647;
			files = (
				C6E658C12A40259F0059B498 /* ViewController.swift in Sources */,
				C6D9E8D42A441A6C00BAC40F /* ViewController2.swift in Sources */,
				C6E658D62A40368F0059B498 /* myCollectionViewCell.swift in Sources */,
				C6E658C72A40259F0059B498 /* gameForVoicenew.xcdatamodeld in Sources */,
				C6E658BD2A40259F0059B498 /* AppDelegate.swift in Sources */,
				C6E658BF2A40259F0059B498 /* SceneDelegate.swift in Sources */,
				C69B6BCC2A4175A8009F41B1 /* CollectionViewCellInAll.swift in Sources */,
				C6B335F92A42CF170007F7A9 /* ViewControllerForHome.swift in Sources */,
			);
			runOnlyForDeploymentPostprocessing = 0;
		};
/* End PBXSourcesBuildPhase section */

/* Begin PBXVariantGroup section */
		C6E658C22A40259F0059B498 /* Main.storyboard */ = {
			isa = PBXVariantGroup;
			children = (
				C6E658C32A40259F0059B498 /* Base */,
			);
			name = Main.storyboard;
			sourceTree = "<group>";
		};
		C6E658CA2A4025A10059B498 /* LaunchScreen.storyboard */ = {
			isa = PBXVariantGroup;
			children = (
				C6E658CB2A4025A10059B498 /* Base */,
			);
			name = LaunchScreen.storyboard;
			sourceTree = "<group>";
		};
/* End PBXVariantGroup section */

/* Begin XCBuildConfiguration section */
		C6E658CE2A4025A10059B498 /* Debug */ = {
			isa = XCBuildConfiguration;
			buildSettings = {
				ALWAYS_SEARCH_USER_PATHS = NO;
				CLANG_ANALYZER_NONNULL = YES;
				CLANG_ANALYZER_NUMBER_OBJECT_CONVERSION = YES_AGGRESSIVE;
				CLANG_CXX_LANGUAGE_STANDARD = "gnu++20";
				CLANG_ENABLE_MODULES = YES;
				CLANG_ENABLE_OBJC_ARC = YES;
				CLANG_ENABLE_OBJC_WEAK = YES;
				CLANG_WARN_BLOCK_CAPTURE_AUTORELEASING = YES;
				CLANG_WARN_BOOL_CONVERSION = YES;
				CLANG_WARN_COMMA = YES;
				CLANG_WARN_CONSTANT_CONVERSION = YES;
				CLANG_WARN_DEPRECATED_OBJC_IMPLEMENTATIONS = YES;
				CLANG_WARN_DIRECT_OBJC_ISA_USAGE = YES_ERROR;
				CLANG_WARN_DOCUMENTATION_COMMENTS = YES;
				CLANG_WARN_EMPTY_BODY = YES;
				CLANG_WARN_ENUM_CONVERSION = YES;
				CLANG_WARN_INFINITE_RECURSION = YES;
				CLANG_WARN_INT_CONVERSION = YES;
				CLANG_WARN_NON_LITERAL_NULL_CONVERSION = YES;
				CLANG_WARN_OBJC_IMPLICIT_RETAIN_SELF = YES;
				CLANG_WARN_OBJC_LITERAL_CONVERSION = YES;
				CLANG_WARN_OBJC_ROOT_CLASS = YES_ERROR;
				CLANG_WARN_QUOTED_INCLUDE_IN_FRAMEWORK_HEADER = YES;
				CLANG_WARN_RANGE_LOOP_ANALYSIS = YES;
				CLANG_WARN_STRICT_PROTOTYPES = YES;
				CLANG_WARN_SUSPICIOUS_MOVE = YES;
				CLANG_WARN_UNGUARDED_AVAILABILITY = YES_AGGRESSIVE;
				CLANG_WARN_UNREACHABLE_CODE = YES;
				CLANG_WARN__DUPLICATE_METHOD_MATCH = YES;
				COPY_PHASE_STRIP = NO;
				DEBUG_INFORMATION_FORMAT = dwarf;
				ENABLE_STRICT_OBJC_MSGSEND = YES;
				ENABLE_TESTABILITY = YES;
				GCC_C_LANGUAGE_STANDARD = gnu11;
				GCC_DYNAMIC_NO_PIC = NO;
				GCC_NO_COMMON_BLOCKS = YES;
				GCC_OPTIMIZATION_LEVEL = 0;
				GCC_PREPROCESSOR_DEFINITIONS = (
					"DEBUG=1",
					"$(inherited)",
				);
				GCC_WARN_64_TO_32_BIT_CONVERSION = YES;
				GCC_WARN_ABOUT_RETURN_TYPE = YES_ERROR;
				GCC_WARN_UNDECLARED_SELECTOR = YES;
				GCC_WARN_UNINITIALIZED_AUTOS = YES_AGGRESSIVE;
				GCC_WARN_UNUSED_FUNCTION = YES;
				GCC_WARN_UNUSED_VARIABLE = YES;
				IPHONEOS_DEPLOYMENT_TARGET = 16.4;
				MTL_ENABLE_DEBUG_INFO = INCLUDE_SOURCE;
				MTL_FAST_MATH = YES;
				ONLY_ACTIVE_ARCH = YES;
				SDKROOT = iphoneos;
				SWIFT_ACTIVE_COMPILATION_CONDITIONS = DEBUG;
				SWIFT_OPTIMIZATION_LEVEL = "-Onone";
			};
			name = Debug;
		};
		C6E658CF2A4025A10059B498 /* Release */ = {
			isa = XCBuildConfiguration;
			buildSettings = {
				ALWAYS_SEARCH_USER_PATHS = NO;
				CLANG_ANALYZER_NONNULL = YES;
				CLANG_ANALYZER_NUMBER_OBJECT_CONVERSION = YES_AGGRESSIVE;
				CLANG_CXX_LANGUAGE_STANDARD = "gnu++20";
				CLANG_ENABLE_MODULES = YES;
				CLANG_ENABLE_OBJC_ARC = YES;
				CLANG_ENABLE_OBJC_WEAK = YES;
				CLANG_WARN_BLOCK_CAPTURE_AUTORELEASING = YES;
				CLANG_WARN_BOOL_CONVERSION = YES;
				CLANG_WARN_COMMA = YES;
				CLANG_WARN_CONSTANT_CONVERSION = YES;
				CLANG_WARN_DEPRECATED_OBJC_IMPLEMENTATIONS = YES;
				CLANG_WARN_DIRECT_OBJC_ISA_USAGE = YES_ERROR;
				CLANG_WARN_DOCUMENTATION_COMMENTS = YES;
				CLANG_WARN_EMPTY_BODY = YES;
				CLANG_WARN_ENUM_CONVERSION = YES;
				CLANG_WARN_INFINITE_RECURSION = YES;
				CLANG_WARN_INT_CONVERSION = YES;
				CLANG_WARN_NON_LITERAL_NULL_CONVERSION = YES;
				CLANG_WARN_OBJC_IMPLICIT_RETAIN_SELF = YES;
				CLANG_WARN_OBJC_LITERAL_CONVERSION = YES;
				CLANG_WARN_OBJC_ROOT_CLASS = YES_ERROR;
				CLANG_WARN_QUOTED_INCLUDE_IN_FRAMEWORK_HEADER = YES;
				CLANG_WARN_RANGE_LOOP_ANALYSIS = YES;
				CLANG_WARN_STRICT_PROTOTYPES = YES;
				CLANG_WARN_SUSPICIOUS_MOVE = YES;
				CLANG_WARN_UNGUARDED_AVAILABILITY = YES_AGGRESSIVE;
				CLANG_WARN_UNREACHABLE_CODE = YES;
				CLANG_WARN__DUPLICATE_METHOD_MATCH = YES;
				COPY_PHASE_STRIP = NO;
				DEBUG_INFORMATION_FORMAT = "dwarf-with-dsym";
				ENABLE_NS_ASSERTIONS = NO;
				ENABLE_STRICT_OBJC_MSGSEND = YES;
				GCC_C_LANGUAGE_STANDARD = gnu11;
				GCC_NO_COMMON_BLOCKS = YES;
				GCC_WARN_64_TO_32_BIT_CONVERSION = YES;
				GCC_WARN_ABOUT_RETURN_TYPE = YES_ERROR;
				GCC_WARN_UNDECLARED_SELECTOR = YES;
				GCC_WARN_UNINITIALIZED_AUTOS = YES_AGGRESSIVE;
				GCC_WARN_UNUSED_FUNCTION = YES;
				GCC_WARN_UNUSED_VARIABLE = YES;
				IPHONEOS_DEPLOYMENT_TARGET = 16.4;
				MTL_ENABLE_DEBUG_INFO = NO;
				MTL_FAST_MATH = YES;
				SDKROOT = iphoneos;
				SWIFT_COMPILATION_MODE = wholemodule;
				SWIFT_OPTIMIZATION_LEVEL = "-O";
				VALIDATE_PRODUCT = YES;
			};
			name = Release;
		};
		C6E658D12A4025A10059B498 /* Debug */ = {
			isa = XCBuildConfiguration;
			buildSettings = {
				ASSETCATALOG_COMPILER_APPICON_NAME = AppIcon;
				ASSETCATALOG_COMPILER_GLOBAL_ACCENT_COLOR_NAME = AccentColor;
				CODE_SIGN_STYLE = Automatic;
				CURRENT_PROJECT_VERSION = 1;
				GENERATE_INFOPLIST_FILE = YES;
				INFOPLIST_FILE = gameForVoicenew/Info.plist;
				INFOPLIST_KEY_UIApplicationSupportsIndirectInputEvents = YES;
				INFOPLIST_KEY_UILaunchStoryboardName = LaunchScreen;
				INFOPLIST_KEY_UIMainStoryboardFile = Main;
				INFOPLIST_KEY_UISupportedInterfaceOrientations_iPad = "UIInterfaceOrientationPortrait UIInterfaceOrientationPortraitUpsideDown UIInterfaceOrientationLandscapeLeft UIInterfaceOrientationLandscapeRight";
				INFOPLIST_KEY_UISupportedInterfaceOrientations_iPhone = "UIInterfaceOrientationPortrait UIInterfaceOrientationLandscapeLeft UIInterfaceOrientationLandscapeRight";
				LD_RUNPATH_SEARCH_PATHS = (
					"$(inherited)",
					"@executable_path/Frameworks",
				);
				MARKETING_VERSION = 1.0;
				PRODUCT_BUNDLE_IDENTIFIER = "starbucks-in.gameForVoicenew";
				PRODUCT_NAME = "$(TARGET_NAME)";
				SWIFT_EMIT_LOC_STRINGS = YES;
				SWIFT_VERSION = 5.0;
				TARGETED_DEVICE_FAMILY = "1,2";
			};
			name = Debug;
		};
		C6E658D22A4025A10059B498 /* Release */ = {
			isa = XCBuildConfiguration;
			buildSettings = {
				ASSETCATALOG_COMPILER_APPICON_NAME = AppIcon;
				ASSETCATALOG_COMPILER_GLOBAL_ACCENT_COLOR_NAME = AccentColor;
				CODE_SIGN_STYLE = Automatic;
				CURRENT_PROJECT_VERSION = 1;
				GENERATE_INFOPLIST_FILE = YES;
				INFOPLIST_FILE = gameForVoicenew/Info.plist;
				INFOPLIST_KEY_UIApplicationSupportsIndirectInputEvents = YES;
				INFOPLIST_KEY_UILaunchStoryboardName = LaunchScreen;
				INFOPLIST_KEY_UIMainStoryboardFile = Main;
				INFOPLIST_KEY_UISupportedInterfaceOrientations_iPad = "UIInterfaceOrientationPortrait UIInterfaceOrientationPortraitUpsideDown UIInterfaceOrientationLandscapeLeft UIInterfaceOrientationLandscapeRight";
				INFOPLIST_KEY_UISupportedInterfaceOrientations_iPhone = "UIInterfaceOrientationPortrait UIInterfaceOrientationLandscapeLeft UIInterfaceOrientationLandscapeRight";
				LD_RUNPATH_SEARCH_PATHS = (
					"$(inherited)",
					"@executable_path/Frameworks",
				);
				MARKETING_VERSION = 1.0;
				PRODUCT_BUNDLE_IDENTIFIER = "starbucks-in.gameForVoicenew";
				PRODUCT_NAME = "$(TARGET_NAME)";
				SWIFT_EMIT_LOC_STRINGS = YES;
				SWIFT_VERSION = 5.0;
				TARGETED_DEVICE_FAMILY = "1,2";
			};
			name = Release;
		};
/* End XCBuildConfiguration section */

/* Begin XCConfigurationList section */
		C6E658B42A40259F0059B498 /* Build configuration list for PBXProject "gameForVoicenew" */ = {
			isa = XCConfigurationList;
			buildConfigurations = (
				C6E658CE2A4025A10059B498 /* Debug */,
				C6E658CF2A4025A10059B498 /* Release */,
			);
			defaultConfigurationIsVisible = 0;
			defaultConfigurationName = Release;
		};
		C6E658D02A4025A10059B498 /* Build configuration list for PBXNativeTarget "gameForVoicenew" */ = {
			isa = XCConfigurationList;
			buildConfigurations = (
				C6E658D12A4025A10059B498 /* Debug */,
				C6E658D22A4025A10059B498 /* Release */,
			);
			defaultConfigurationIsVisible = 0;
			defaultConfigurationName = Release;
		};
/* End XCConfigurationList section */

/* Begin XCVersionGroup section */
		C6E658C52A40259F0059B498 /* gameForVoicenew.xcdatamodeld */ = {
			isa = XCVersionGroup;
			children = (
				C6E658C62A40259F0059B498 /* gameForVoicenew.xcdatamodel */,
			);
			currentVersion = C6E658C62A40259F0059B498 /* gameForVoicenew.xcdatamodel */;
			path = gameForVoicenew.xcdatamodeld;
			sourceTree = "<group>";
			versionGroupType = wrapper.xcdatamodel;
		};
/* End XCVersionGroup section */
	};
	rootObject = C6E658B12A40259F0059B498 /* Project object */;
}
